
Microsoft Visual Studio Solution File, Format Version 12.00
# Visual Studio 15
VisualStudioVersion = 15.0.26430.13
MinimumVisualStudioVersion = 10.0.40219.1
Project("{FAE04EC0-301F-11D3-BF4B-00C04F79EFBC}") = "MvcPrimer", "MvcPrimer\MvcPrimer.csproj", "{3F600268-BB30-4F0A-B47A-62BFD664FD64}"
EndProject
Project("{FAE04EC0-301F-11D3-BF4B-00C04F79EFBC}") = "MvcPrimer.Tests", "MvcPrimer.Tests\MvcPrimer.Tests.csproj", "{FD74102B-F4E8-4F4D-A1DE-1E1D66735922}"
EndProject
Global
	GlobalSection(SolutionConfigurationPlatforms) = preSolution
		Debug|Any CPU = Debug|Any CPU
		Release|Any CPU = Release|Any CPU
	EndGlobalSection
	GlobalSection(ProjectConfigurationPlatforms) = postSolution
		{3F600268-BB30-4F0A-B47A-62BFD664FD64}.Debug|Any CPU.ActiveCfg = Debug|Any CPU
		{3F600268-BB30-4F0A-B47A-62BFD664FD64}.Debug|Any CPU.Build.0 = Debug|Any CPU
		{3F600268-BB30-4F0A-B47A-62BFD664FD64}.Release|Any CPU.ActiveCfg = Release|Any CPU
		{3F600268-BB30-4F0A-B47A-62BFD664FD64}.Release|Any CPU.Build.0 = Release|Any CPU
		{FD74102B-F4E8-4F4D-A1DE-1E1D66735922}.Debug|Any CPU.ActiveCfg = Debug|Any CPU
		{FD74102B-F4E8-4F4D-A1DE-1E1D66735922}.Debug|Any CPU.Build.0 = Debug|Any CPU
		{FD74102B-F4E8-4F4D-A1DE-1E1D66735922}.Release|Any CPU.ActiveCfg = Release|Any CPU
		{FD74102B-F4E8-4F4D-A1DE-1E1D66735922}.Release|Any CPU.Build.0 = Release|Any CPU
	EndGlobalSection
	GlobalSection(SolutionProperties) = preSolution
		HideSolutionNode = FALSE
	EndGlobalSection
EndGlobal
